{
	"name": "enduro_new_project",
	"version": "1.0.0",
	"lockfileVersion": 1,
	"requires": true,
	"dependencies": {
		"enduro_quill": {
			"version": "1.0.5",
			"resolved": "https://registry.npmjs.org/enduro_quill/-/enduro_quill-1.0.5.tgz",
			"integrity": "sha512-9Hh5pu086sqEBEApDUOthqU5VoNLM92/e8nwrk53dkR7SOy6/xuizukMLxRfp1mvBaFWLlFeNW8IYOy6aOJGaA=="
		}
	}
}
